
Microsoft Visual Studio Solution File, Format Version 12.00
# Visual Studio Express 2012 for Windows Desktop
Project("{FAE04EC0-301F-11D3-BF4B-00C04F79EFBC}") = "N-Tris", "N-Tris\N-Tris.csproj", "{F86C2426-9A8C-4BC1-9C47-5B84D78746B7}"
EndProject
Project("{FAE04EC0-301F-11D3-BF4B-00C04F79EFBC}") = "N-TrisNetworkInterface", "N-TrisNetworkInterface\N-TrisNetworkInterface.csproj", "{658E1658-113F-43CD-975E-8D0CAD360FB6}"
EndProject
Global
	GlobalSection(SolutionConfigurationPlatforms) = preSolution
		Debug|Any CPU = Debug|Any CPU
		Release|Any CPU = Release|Any CPU
	EndGlobalSection
	GlobalSection(ProjectConfigurationPlatforms) = postSolution
		{F86C2426-9A8C-4BC1-9C47-5B84D78746B7}.Debug|Any CPU.ActiveCfg = Debug|Any CPU
		{F86C2426-9A8C-4BC1-9C47-5B84D78746B7}.Debug|Any CPU.Build.0 = Debug|Any CPU
		{F86C2426-9A8C-4BC1-9C47-5B84D78746B7}.Release|Any CPU.ActiveCfg = Release|Any CPU
		{F86C2426-9A8C-4BC1-9C47-5B84D78746B7}.Release|Any CPU.Build.0 = Release|Any CPU
		{658E1658-113F-43CD-975E-8D0CAD360FB6}.Debug|Any CPU.ActiveCfg = Debug|Any CPU
		{658E1658-113F-43CD-975E-8D0CAD360FB6}.Debug|Any CPU.Build.0 = Debug|Any CPU
		{658E1658-113F-43CD-975E-8D0CAD360FB6}.Release|Any CPU.ActiveCfg = Release|Any CPU
		{658E1658-113F-43CD-975E-8D0CAD360FB6}.Release|Any CPU.Build.0 = Release|Any CPU
	EndGlobalSection
	GlobalSection(SolutionProperties) = preSolution
		HideSolutionNode = FALSE
	EndGlobalSection
EndGlobal
